
Microsoft Visual Studio Solution File, Format Version 12.00
# Visual Studio 14
VisualStudioVersion = 14.0.25420.1
MinimumVisualStudioVersion = 10.0.40219.1
Project("{159641D6-6404-4A2A-AE62-294DE0FE8301}") = "ETL_EIMDW_EMAIL_NOTIFICATION", "ETL_EIMDW_EMAIL_NOTIFICATION\ETL_EIMDW_EMAIL_NOTIFICATION.dtproj", "{8956E3DB-9686-4F55-A5D6-09BB5D111664}"
EndProject
Global
	GlobalSection(SolutionConfigurationPlatforms) = preSolution
		Development|Default = Development|Default
	EndGlobalSection
	GlobalSection(ProjectConfigurationPlatforms) = postSolution
		{8956E3DB-9686-4F55-A5D6-09BB5D111664}.Development|Default.ActiveCfg = Development
		{8956E3DB-9686-4F55-A5D6-09BB5D111664}.Development|Default.Build.0 = Development
	EndGlobalSection
	GlobalSection(SolutionProperties) = preSolution
		HideSolutionNode = FALSE
	EndGlobalSection
EndGlobal
